lockfileVersion: '9.0'

settings:
  autoInstallPeers: true
  excludeLinksFromLockfile: false

importers:

  .:
    dependencies:
      '@hookform/resolvers':
        specifier: ^5.7.1
        version: 5.7.1(react-hook-form@7.85.0(react@19.2.8))(zod@4.4.3)
      '@tanstack/react-query':
        specifier: ^5.101.4
        version: 5.101.4(react@19.2.8)
      clsx:
        specifier: ^2.1.1
        version: 2.1.1
      react-hook-form:
        specifier: ^7.85.0
        version: 7.85.0(react@19.2.8)
      sonner:
        specifier: ^2.0.8
        version: 2.0.8(react-dom@19.2.8(react@19.2.8))(react@19.2.8)
      tailwind-merge:
        specifier: ^3.6.0
        version: 3.6.0
      zod:
        specifier: ^4.4.3
        version: 4.4.3

packages:

  '@hookform/resolvers@5.7.1':
    resolution: {integrity: sha512-8wS/P4UDr5sQDe4nFaV51TVyfDPrWgNIXweqG0Bs9Z5LSuzKLb+RQNPvkN2oHM5SRrJyWrVH/F+LOUcFjUyvwQ==}
    peerDependencies:
      '@sinclair/typebox': '>=0.25.24'
      '@standard-schema/spec': ^1.0.0
      '@typeschema/main': '>=0.13.7'
      '@vinejs/vine': ^2.0.0 || ^3.0.0 || ^4.0.0
      ajv: ^8.12.0
      ajv-errors: ^3.0.0
      ajv-formats: ^2.1.1
      arktype: ^2.0.0
      ata-validator: ^1.2.0
      class-transformer: '>=0.4.0'
      class-validator: '>=0.12.0'
      computed-types: ^1.0.0
      effect: ^3.10.3
      fluentvalidation-ts: ^3.0.0
      fp-ts: ^2.7.0
      io-ts: ^2.0.0
      joi: ^17.0.0
      nope-validator: '>=0.12.0'
      react-hook-form: ^7.55.0
      superstruct: '>=0.12.0'
      typanion: ^3.3.2
      valibot: '>=0.31.0 || ^1.0.0-beta.4 || ^1.0.0-rc'
      vest: '>=3.0.0'
      yup: ^1.0.0
      zod: ^3.25.0 || ^4.0.0
    peerDependenciesMeta:
      '@sinclair/typebox':
        optional: true
      '@standard-schema/spec':
        optional: true
      '@typeschema/main':
        optional: true
      '@vinejs/vine':
        optional: true
      ajv:
        optional: true
      ajv-errors:
        optional: true
      ajv-formats:
        optional: true
      arktype:
        optional: true
      ata-validator:
        optional: true
      class-transformer:
        optional: true
      class-validator:
        optional: true
      computed-types:
        optional: true
      effect:
        optional: true
      fluentvalidation-ts:
        optional: true
      fp-ts:
        optional: true
      io-ts:
        optional: true
      joi:
        optional: true
      nope-validator:
        optional: true
      superstruct:
        optional: true
      typanion:
        optional: true
      valibot:
        optional: true
      vest:
        optional: true
      yup:
        optional: true
      zod:
        optional: true

  '@standard-schema/utils@0.3.0':
    resolution: {integrity: sha512-e7Mew686owMaPJVNNLs55PUvgz371nKgwsc4vxE49zsODpJEnxgxRo2y/OKrqueavXgZNMDVj3DdHFlaSAeU8g==}

  '@tanstack/query-core@5.101.4':
    resolution: {integrity: sha512-gNwcvOJcRbLWPOLG/2OBm+zM+Yv+MKsXKEOWC57USuZDEsI71hEErQsiEGx5wX9rzWWkfwM0fVSPoiIFSsxfiw==}

  '@tanstack/react-query@5.101.4':
    resolution: {integrity: sha512-yRg2pfOCxIs4ZJW3XYYHU/WgtD04FHSnfHlpRT7h7pR77hwkdRG4wxbKe4aq6P0RvXUTBSQpQeadS1SUYUe+KA==}
    peerDependencies:
      react: ^18 || ^19

  clsx@2.1.1:
    resolution: {integrity: sha512-eYm0QWBtUrBWZWG0d386OGAw16Z995PiOVo2B7bjWSbHedGl5e0ZWaq65kOGgUSNesEIDkB9ISbTg/JK9dhCZA==}
    engines: {node: '>=6'}

  react-dom@19.2.8:
    resolution: {integrity: sha512-rVprimfGBG3DR+Tq0IQG2DT5PxKth1WIGDmj5yPmlzr4YBe7uyE+Du4oVqTDXZSHGGGXRtTJEGSSePyQCMBglQ==}
    peerDependencies:
      react: ^19.2.8

  react-hook-form@7.85.0:
    resolution: {integrity: sha512-U2MTriFXnclmV4rOE20p2DcRFv5WEg3FIcBFOKcOLFHDVvGIMPvLTkTWefUsonmlaVy23khVDxDWym6uJVGOzw==}
    engines: {node: '>=18.0.0'}
    peerDependencies:
      react: ^16.8.0 || ^17 || ^18 || ^19

  react@19.2.8:
    resolution: {integrity: sha512-PWaYA1L/q9u2u7xYQi+Y3L3Yfnie7XyLeaJICV1MGD6LprsBxcAqGjYyr0eY3p+QdsA+x/Irkt4Qif8D63+Sbw==}
    engines: {node: '>=0.10.0'}

  scheduler@0.27.0:
    resolution: {integrity: sha512-eNv+WrVbKu1f3vbYJT/xtiF5syA5HPIMtf9IgY/nKg0sWqzAUEvqY/xm7OcZc/qafLx/iO9FgOmeSAp4v5ti/Q==}

  sonner@2.0.8:
    resolution: {integrity: sha512-UM/ByIoFra8yzV75n1o0Puu0bw5U/9UNnDacrJNspekBewIfsQ3D6ez1nvlWpt7aTsO6rujQtifBpycwIivqlg==}
    peerDependencies:
      '@types/react': ^18.0.0 || ^19.0.0
      react: ^18.0.0 || ^19.0.0 || ^19.0.0-rc
      react-dom: ^18.0.0 || ^19.0.0 || ^19.0.0-rc
    peerDependenciesMeta:
      '@types/react':
        optional: true

  tailwind-merge@3.6.0:
    resolution: {integrity: sha512-uxL7qAVQriqRQPAyK3pj66VqskWqoZ37PW94jwOTwNfq/z9oyu1V+eqrZqtR2+fCiXdYOZe/Modt8GtvqNzu+w==}

  zod@4.4.3:
    resolution: {integrity: sha512-ytENFjIJFl2UwYglde2jchW2Hwm4GJFLDiSXWdTrJQBIN9Fcyp7n4DhxJEiWNAJMV1/BqWfW/kkg71UDcHJyTQ==}

snapshots:

  '@hookform/resolvers@5.7.1(react-hook-form@7.85.0(react@19.2.8))(zod@4.4.3)':
    dependencies:
      '@standard-schema/utils': 0.3.0
      react-hook-form: 7.85.0(react@19.2.8)
    optionalDependencies:
      zod: 4.4.3

  '@standard-schema/utils@0.3.0': {}

  '@tanstack/query-core@5.101.4': {}

  '@tanstack/react-query@5.101.4(react@19.2.8)':
    dependencies:
      '@tanstack/query-core': 5.101.4
      react: 19.2.8

  clsx@2.1.1: {}

  react-dom@19.2.8(react@19.2.8):
    dependencies:
      react: 19.2.8
      scheduler: 0.27.0

  react-hook-form@7.85.0(react@19.2.8):
    dependencies:
      react: 19.2.8

  react@19.2.8: {}

  scheduler@0.27.0: {}

  sonner@2.0.8(react-dom@19.2.8(react@19.2.8))(react@19.2.8):
    dependencies:
      react: 19.2.8
      react-dom: 19.2.8(react@19.2.8)

  tailwind-merge@3.6.0: {}

  zod@4.4.3: {}
